
Microsoft Visual Studio Solution File, Format Version 12.00
# Visual Studio 2012
Project("{FAE04EC0-301F-11D3-BF4B-00C04F79EFBC}") = "Base.Tano", "Base.Tano\Base.Tano.csproj", "{D2618916-D814-47B0-98B5-C12069B22C32}"
EndProject
Project("{FAE04EC0-301F-11D3-BF4B-00C04F79EFBC}") = "Tano.EntityFramework", "Tano.EntityFramework\Tano.EntityFramework.csproj", "{8A59BBBB-EB9E-4EF0-B5B9-196ADA50EE10}"
EndProject
Global
	GlobalSection(SolutionConfigurationPlatforms) = preSolution
		Debug|Any CPU = Debug|Any CPU
		Release|Any CPU = Release|Any CPU
	EndGlobalSection
	GlobalSection(ProjectConfigurationPlatforms) = postSolution
		{D2618916-D814-47B0-98B5-C12069B22C32}.Debug|Any CPU.ActiveCfg = Debug|Any CPU
		{D2618916-D814-47B0-98B5-C12069B22C32}.Debug|Any CPU.Build.0 = Debug|Any CPU
		{D2618916-D814-47B0-98B5-C12069B22C32}.Release|Any CPU.ActiveCfg = Release|Any CPU
		{D2618916-D814-47B0-98B5-C12069B22C32}.Release|Any CPU.Build.0 = Release|Any CPU
		{8A59BBBB-EB9E-4EF0-B5B9-196ADA50EE10}.Debug|Any CPU.ActiveCfg = Debug|Any CPU
		{8A59BBBB-EB9E-4EF0-B5B9-196ADA50EE10}.Debug|Any CPU.Build.0 = Debug|Any CPU
		{8A59BBBB-EB9E-4EF0-B5B9-196ADA50EE10}.Release|Any CPU.ActiveCfg = Release|Any CPU
		{8A59BBBB-EB9E-4EF0-B5B9-196ADA50EE10}.Release|Any CPU.Build.0 = Release|Any CPU
	EndGlobalSection
	GlobalSection(SolutionProperties) = preSolution
		HideSolutionNode = FALSE
	EndGlobalSection
EndGlobal
